
Microsoft Visual Studio Solution File, Format Version 12.00
# Visual Studio 14
VisualStudioVersion = 14.0.23107.0
MinimumVisualStudioVersion = 10.0.40219.1
Project("{FAE04EC0-301F-11D3-BF4B-00C04F79EFBC}") = "TestingSystemWinForms", "TestingSystemWinForms\TestingSystemWinForms.csproj", "{B57CB355-EE3F-4786-B056-1D57FBF1ECF0}"
EndProject
Project("{FAE04EC0-301F-11D3-BF4B-00C04F79EFBC}") = "TestingSystemApi", "TestingSystemApi\TestingSystemApi.csproj", "{7A656B38-8EB0-490E-A569-51B0181CA3F6}"
EndProject
Global
	GlobalSection(SolutionConfigurationPlatforms) = preSolution
		Debug|Any CPU = Debug|Any CPU
		Release|Any CPU = Release|Any CPU
	EndGlobalSection
	GlobalSection(ProjectConfigurationPlatforms) = postSolution
		{B57CB355-EE3F-4786-B056-1D57FBF1ECF0}.Debug|Any CPU.ActiveCfg = Debug|Any CPU
		{B57CB355-EE3F-4786-B056-1D57FBF1ECF0}.Debug|Any CPU.Build.0 = Debug|Any CPU
		{B57CB355-EE3F-4786-B056-1D57FBF1ECF0}.Release|Any CPU.ActiveCfg = Release|Any CPU
		{B57CB355-EE3F-4786-B056-1D57FBF1ECF0}.Release|Any CPU.Build.0 = Release|Any CPU
		{7A656B38-8EB0-490E-A569-51B0181CA3F6}.Debug|Any CPU.ActiveCfg = Debug|Any CPU
		{7A656B38-8EB0-490E-A569-51B0181CA3F6}.Debug|Any CPU.Build.0 = Debug|Any CPU
		{7A656B38-8EB0-490E-A569-51B0181CA3F6}.Release|Any CPU.ActiveCfg = Release|Any CPU
		{7A656B38-8EB0-490E-A569-51B0181CA3F6}.Release|Any CPU.Build.0 = Release|Any CPU
	EndGlobalSection
	GlobalSection(SolutionProperties) = preSolution
		HideSolutionNode = FALSE
	EndGlobalSection
EndGlobal
